
Microsoft Visual Studio Solution File, Format Version 12.00
# Visual Studio 2013
VisualStudioVersion = 12.0.40629.0
MinimumVisualStudioVersion = 10.0.40219.1
Project("{FAE04EC0-301F-11D3-BF4B-00C04F79EFBC}") = "Nancy.OAuth2", "Nancy.OAuth2\Nancy.OAuth2.csproj", "{42642CFA-EEE9-4507-A2F1-651A605B3DFB}"
EndProject
Project("{2150E333-8FDC-42A3-9474-1A3956D46DE8}") = ".nuget", ".nuget", "{88261D0C-CF68-4579-A791-C45F2FCEBBE2}"
	ProjectSection(SolutionItems) = preProject
		.nuget\NuGet.Config = .nuget\NuGet.Config
		.nuget\NuGet.exe = .nuget\NuGet.exe
		.nuget\NuGet.targets = .nuget\NuGet.targets
	EndProjectSection
EndProject
Project("{FAE04EC0-301F-11D3-BF4B-00C04F79EFBC}") = "Nancy.OAuth2.Tests", "Nancy.OAuth2.Tests\Nancy.OAuth2.Tests.csproj", "{D5B37979-0A60-447D-AA02-F6CD43633FA2}"
EndProject
Global
	GlobalSection(SolutionConfigurationPlatforms) = preSolution
		Debug|Any CPU = Debug|Any CPU
		Release|Any CPU = Release|Any CPU
	EndGlobalSection
	GlobalSection(ProjectConfigurationPlatforms) = postSolution
		{42642CFA-EEE9-4507-A2F1-651A605B3DFB}.Debug|Any CPU.ActiveCfg = Debug|Any CPU
		{42642CFA-EEE9-4507-A2F1-651A605B3DFB}.Debug|Any CPU.Build.0 = Debug|Any CPU
		{42642CFA-EEE9-4507-A2F1-651A605B3DFB}.Release|Any CPU.ActiveCfg = Release|Any CPU
		{42642CFA-EEE9-4507-A2F1-651A605B3DFB}.Release|Any CPU.Build.0 = Release|Any CPU
		{D5B37979-0A60-447D-AA02-F6CD43633FA2}.Debug|Any CPU.ActiveCfg = Debug|Any CPU
		{D5B37979-0A60-447D-AA02-F6CD43633FA2}.Debug|Any CPU.Build.0 = Debug|Any CPU
		{D5B37979-0A60-447D-AA02-F6CD43633FA2}.Release|Any CPU.ActiveCfg = Release|Any CPU
		{D5B37979-0A60-447D-AA02-F6CD43633FA2}.Release|Any CPU.Build.0 = Release|Any CPU
	EndGlobalSection
	GlobalSection(SolutionProperties) = preSolution
		HideSolutionNode = FALSE
	EndGlobalSection
EndGlobal
